
Microsoft Visual Studio Solution File, Format Version 12.00
# Visual Studio Version 17
VisualStudioVersion = 17.0.31903.59
MinimumVisualStudioVersion = 10.0.40219.1
Project("{2150E333-8FDC-42A3-9474-1A3956D46DE8}") = "src", "src", "{827E0CD3-B72D-47B6-A68D-7590B98EB39B}"
EndProject
Project("{FAE04EC0-301F-11D3-BF4B-00C04F79EFBC}") = "Shared", "src\Shared\Shared.csproj", "{EE6FFEB4-2E34-43E5-9CDA-DEF06866A054}"
EndProject
Project("{2150E333-8FDC-42A3-9474-1A3956D46DE8}") = "tests", "tests", "{0AB3BF05-4346-4AA6-1389-037BE0695223}"
EndProject
Project("{FAE04EC0-301F-11D3-BF4B-00C04F79EFBC}") = "Shared.Tests", "tests\Shared.Tests\Shared.Tests.csproj", "{8A13CB0D-7607-4AEC-82B0-C6307F5CA05B}"
EndProject
Project("{FAE04EC0-301F-11D3-BF4B-00C04F79EFBC}") = "Ingest", "src\Ingest\Ingest.csproj", "{FD94CA31-7695-4191-A6D7-B5246C8F0E7D}"
EndProject
Project("{FAE04EC0-301F-11D3-BF4B-00C04F79EFBC}") = "Ingest.Tests", "tests\Ingest.Tests\Ingest.Tests.csproj", "{E2F0D639-A8CE-40FD-BD7D-CE34EB06FF1E}"
EndProject
Project("{FAE04EC0-301F-11D3-BF4B-00C04F79EFBC}") = "Parser", "src\Parser\Parser.csproj", "{2E60C275-296E-49F6-97E0-4F5959175109}"
EndProject
Project("{FAE04EC0-301F-11D3-BF4B-00C04F79EFBC}") = "Parser.Tests", "tests\Parser.Tests\Parser.Tests.csproj", "{7D57576F-9E23-47A8-978E-57AAF9A4F1A0}"
EndProject
Project("{FAE04EC0-301F-11D3-BF4B-00C04F79EFBC}") = "Calculator", "src\Calculator\Calculator.csproj", "{56B46FAD-BC49-42BF-88D4-A33CCF126CFC}"
EndProject
Project("{FAE04EC0-301F-11D3-BF4B-00C04F79EFBC}") = "Calculator.Tests", "tests\Calculator.Tests\Calculator.Tests.csproj", "{781730A9-3389-49AB-82AD-2AAA3C9D26A5}"
EndProject
Project("{FAE04EC0-301F-11D3-BF4B-00C04F79EFBC}") = "StatusLookup", "src\StatusLookup\StatusLookup.csproj", "{12CDDF81-9100-4DC9-86AE-893A91C905C3}"
EndProject
Project("{2150E333-8FDC-42A3-9474-1A3956D46DE8}") = "test", "test", "{0C88DD14-F956-CE84-757C-A364CCF449FC}"
EndProject
Project("{FAE04EC0-301F-11D3-BF4B-00C04F79EFBC}") = "StatusLookup.Tests", "tests\StatusLookup.Tests\StatusLookup.Tests.csproj", "{9BC736E7-46E3-46EB-B463-195DE29FD3ED}"
EndProject
Global
	GlobalSection(SolutionConfigurationPlatforms) = preSolution
		Debug|Any CPU = Debug|Any CPU
		Debug|x64 = Debug|x64
		Debug|x86 = Debug|x86
		Release|Any CPU = Release|Any CPU
		Release|x64 = Release|x64
		Release|x86 = Release|x86
	EndGlobalSection
	GlobalSection(ProjectConfigurationPlatforms) = postSolution
		{EE6FFEB4-2E34-43E5-9CDA-DEF06866A054}.Debug|Any CPU.ActiveCfg = Debug|Any CPU
		{EE6FFEB4-2E34-43E5-9CDA-DEF06866A054}.Debug|Any CPU.Build.0 = Debug|Any CPU
		{EE6FFEB4-2E34-43E5-9CDA-DEF06866A054}.Debug|x64.ActiveCfg = Debug|Any CPU
		{EE6FFEB4-2E34-43E5-9CDA-DEF06866A054}.Debug|x64.Build.0 = Debug|Any CPU
		{EE6FFEB4-2E34-43E5-9CDA-DEF06866A054}.Debug|x86.ActiveCfg = Debug|Any CPU
		{EE6FFEB4-2E34-43E5-9CDA-DEF06866A054}.Debug|x86.Build.0 = Debug|Any CPU
		{EE6FFEB4-2E34-43E5-9CDA-DEF06866A054}.Release|Any CPU.ActiveCfg = Release|Any CPU
		{EE6FFEB4-2E34-43E5-9CDA-DEF06866A054}.Release|Any CPU.Build.0 = Release|Any CPU
		{EE6FFEB4-2E34-43E5-9CDA-DEF06866A054}.Release|x64.ActiveCfg = Release|Any CPU
		{EE6FFEB4-2E34-43E5-9CDA-DEF06866A054}.Release|x64.Build.0 = Release|Any CPU
		{EE6FFEB4-2E34-43E5-9CDA-DEF06866A054}.Release|x86.ActiveCfg = Release|Any CPU
		{EE6FFEB4-2E34-43E5-9CDA-DEF06866A054}.Release|x86.Build.0 = Release|Any CPU
		{8A13CB0D-7607-4AEC-82B0-C6307F5CA05B}.Debug|Any CPU.ActiveCfg = Debug|Any CPU
		{8A13CB0D-7607-4AEC-82B0-C6307F5CA05B}.Debug|Any CPU.Build.0 = Debug|Any CPU
		{8A13CB0D-7607-4AEC-82B0-C6307F5CA05B}.Debug|x64.ActiveCfg = Debug|Any CPU
		{8A13CB0D-7607-4AEC-82B0-C6307F5CA05B}.Debug|x64.Build.0 = Debug|Any CPU
		{8A13CB0D-7607-4AEC-82B0-C6307F5CA05B}.Debug|x86.ActiveCfg = Debug|Any CPU
		{8A13CB0D-7607-4AEC-82B0-C6307F5CA05B}.Debug|x86.Build.0 = Debug|Any CPU
		{8A13CB0D-7607-4AEC-82B0-C6307F5CA05B}.Release|Any CPU.ActiveCfg = Release|Any CPU
		{8A13CB0D-7607-4AEC-82B0-C6307F5CA05B}.Release|Any CPU.Build.0 = Release|Any CPU
		{8A13CB0D-7607-4AEC-82B0-C6307F5CA05B}.Release|x64.ActiveCfg = Release|Any CPU
		{8A13CB0D-7607-4AEC-82B0-C6307F5CA05B}.Release|x64.Build.0 = Release|Any CPU
		{8A13CB0D-7607-4AEC-82B0-C6307F5CA05B}.Release|x86.ActiveCfg = Release|Any CPU
		{8A13CB0D-7607-4AEC-82B0-C6307F5CA05B}.Release|x86.Build.0 = Release|Any CPU
		{FD94CA31-7695-4191-A6D7-B5246C8F0E7D}.Debug|Any CPU.ActiveCfg = Debug|Any CPU
		{FD94CA31-7695-4191-A6D7-B5246C8F0E7D}.Debug|Any CPU.Build.0 = Debug|Any CPU
		{FD94CA31-7695-4191-A6D7-B5246C8F0E7D}.Debug|x64.ActiveCfg = Debug|Any CPU
		{FD94CA31-7695-4191-A6D7-B5246C8F0E7D}.Debug|x64.Build.0 = Debug|Any CPU
		{FD94CA31-7695-4191-A6D7-B5246C8F0E7D}.Debug|x86.ActiveCfg = Debug|Any CPU
		{FD94CA31-7695-4191-A6D7-B5246C8F0E7D}.Debug|x86.Build.0 = Debug|Any CPU
		{FD94CA31-7695-4191-A6D7-B5246C8F0E7D}.Release|Any CPU.ActiveCfg = Release|Any CPU
		{FD94CA31-7695-4191-A6D7-B5246C8F0E7D}.Release|Any CPU.Build.0 = Release|Any CPU
		{FD94CA31-7695-4191-A6D7-B5246C8F0E7D}.Release|x64.ActiveCfg = Release|Any CPU
		{FD94CA31-7695-4191-A6D7-B5246C8F0E7D}.Release|x64.Build.0 = Release|Any CPU
		{FD94CA31-7695-4191-A6D7-B5246C8F0E7D}.Release|x86.ActiveCfg = Release|Any CPU
		{FD94CA31-7695-4191-A6D7-B5246C8F0E7D}.Release|x86.Build.0 = Release|Any CPU
		{E2F0D639-A8CE-40FD-BD7D-CE34EB06FF1E}.Debug|Any CPU.ActiveCfg = Debug|Any CPU
		{E2F0D639-A8CE-40FD-BD7D-CE34EB06FF1E}.Debug|Any CPU.Build.0 = Debug|Any CPU
		{E2F0D639-A8CE-40FD-BD7D-CE34EB06FF1E}.Debug|x64.ActiveCfg = Debug|Any CPU
		{E2F0D639-A8CE-40FD-BD7D-CE34EB06FF1E}.Debug|x64.Build.0 = Debug|Any CPU
		{E2F0D639-A8CE-40FD-BD7D-CE34EB06FF1E}.Debug|x86.ActiveCfg = Debug|Any CPU
		{E2F0D639-A8CE-40FD-BD7D-CE34EB06FF1E}.Debug|x86.Build.0 = Debug|Any CPU
		{E2F0D639-A8CE-40FD-BD7D-CE34EB06FF1E}.Release|Any CPU.ActiveCfg = Release|Any CPU
		{E2F0D639-A8CE-40FD-BD7D-CE34EB06FF1E}.Release|Any CPU.Build.0 = Release|Any CPU
		{E2F0D639-A8CE-40FD-BD7D-CE34EB06FF1E}.Release|x64.ActiveCfg = Release|Any CPU
		{E2F0D639-A8CE-40FD-BD7D-CE34EB06FF1E}.Release|x64.Build.0 = Release|Any CPU
		{E2F0D639-A8CE-40FD-BD7D-CE34EB06FF1E}.Release|x86.ActiveCfg = Release|Any CPU
		{E2F0D639-A8CE-40FD-BD7D-CE34EB06FF1E}.Release|x86.Build.0 = Release|Any CPU
		{2E60C275-296E-49F6-97E0-4F5959175109}.Debug|Any CPU.ActiveCfg = Debug|Any CPU
		{2E60C275-296E-49F6-97E0-4F5959175109}.Debug|Any CPU.Build.0 = Debug|Any CPU
		{2E60C275-296E-49F6-97E0-4F5959175109}.Debug|x64.ActiveCfg = Debug|Any CPU
		{2E60C275-296E-49F6-97E0-4F5959175109}.Debug|x64.Build.0 = Debug|Any CPU
		{2E60C275-296E-49F6-97E0-4F5959175109}.Debug|x86.ActiveCfg = Debug|Any CPU
		{2E60C275-296E-49F6-97E0-4F5959175109}.Debug|x86.Build.0 = Debug|Any CPU
		{2E60C275-296E-49F6-97E0-4F5959175109}.Release|Any CPU.ActiveCfg = Release|Any CPU
		{2E60C275-296E-49F6-97E0-4F5959175109}.Release|Any CPU.Build.0 = Release|Any CPU
		{2E60C275-296E-49F6-97E0-4F5959175109}.Release|x64.ActiveCfg = Release|Any CPU
		{2E60C275-296E-49F6-97E0-4F5959175109}.Release|x64.Build.0 = Release|Any CPU
		{2E60C275-296E-49F6-97E0-4F5959175109}.Release|x86.ActiveCfg = Release|Any CPU
		{2E60C275-296E-49F6-97E0-4F5959175109}.Release|x86.Build.0 = Release|Any CPU
		{7D57576F-9E23-47A8-978E-57AAF9A4F1A0}.Debug|Any CPU.ActiveCfg = Debug|Any CPU
		{7D57576F-9E23-47A8-978E-57AAF9A4F1A0}.Debug|Any CPU.Build.0 = Debug|Any CPU
		{7D57576F-9E23-47A8-978E-57AAF9A4F1A0}.Debug|x64.ActiveCfg = Debug|Any CPU
		{7D57576F-9E23-47A8-978E-57AAF9A4F1A0}.Debug|x64.Build.0 = Debug|Any CPU
		{7D57576F-9E23-47A8-978E-57AAF9A4F1A0}.Debug|x86.ActiveCfg = Debug|Any CPU
		{7D57576F-9E23-47A8-978E-57AAF9A4F1A0}.Debug|x86.Build.0 = Debug|Any CPU
		{7D57576F-9E23-47A8-978E-57AAF9A4F1A0}.Release|Any CPU.ActiveCfg = Release|Any CPU
		{7D57576F-9E23-47A8-978E-57AAF9A4F1A0}.Release|Any CPU.Build.0 = Release|Any CPU
		{7D57576F-9E23-47A8-978E-57AAF9A4F1A0}.Release|x64.ActiveCfg = Release|Any CPU
		{7D57576F-9E23-47A8-978E-57AAF9A4F1A0}.Release|x64.Build.0 = Release|Any CPU
		{7D57576F-9E23-47A8-978E-57AAF9A4F1A0}.Release|x86.ActiveCfg = Release|Any CPU
		{7D57576F-9E23-47A8-978E-57AAF9A4F1A0}.Release|x86.Build.0 = Release|Any CPU
		{56B46FAD-BC49-42BF-88D4-A33CCF126CFC}.Debug|Any CPU.ActiveCfg = Debug|Any CPU
		{56B46FAD-BC49-42BF-88D4-A33CCF126CFC}.Debug|Any CPU.Build.0 = Debug|Any CPU
		{56B46FAD-BC49-42BF-88D4-A33CCF126CFC}.Debug|x64.ActiveCfg = Debug|Any CPU
		{56B46FAD-BC49-42BF-88D4-A33CCF126CFC}.Debug|x64.Build.0 = Debug|Any CPU
		{56B46FAD-BC49-42BF-88D4-A33CCF126CFC}.Debug|x86.ActiveCfg = Debug|Any CPU
		{56B46FAD-BC49-42BF-88D4-A33CCF126CFC}.Debug|x86.Build.0 = Debug|Any CPU
		{56B46FAD-BC49-42BF-88D4-A33CCF126CFC}.Release|Any CPU.ActiveCfg = Release|Any CPU
		{56B46FAD-BC49-42BF-88D4-A33CCF126CFC}.Release|Any CPU.Build.0 = Release|Any CPU
		{56B46FAD-BC49-42BF-88D4-A33CCF126CFC}.Release|x64.ActiveCfg = Release|Any CPU
		{56B46FAD-BC49-42BF-88D4-A33CCF126CFC}.Release|x64.Build.0 = Release|Any CPU
		{56B46FAD-BC49-42BF-88D4-A33CCF126CFC}.Release|x86.ActiveCfg = Release|Any CPU
		{56B46FAD-BC49-42BF-88D4-A33CCF126CFC}.Release|x86.Build.0 = Release|Any CPU
		{781730A9-3389-49AB-82AD-2AAA3C9D26A5}.Debug|Any CPU.ActiveCfg = Debug|Any CPU
		{781730A9-3389-49AB-82AD-2AAA3C9D26A5}.Debug|Any CPU.Build.0 = Debug|Any CPU
		{781730A9-3389-49AB-82AD-2AAA3C9D26A5}.Debug|x64.ActiveCfg = Debug|Any CPU
		{781730A9-3389-49AB-82AD-2AAA3C9D26A5}.Debug|x64.Build.0 = Debug|Any CPU
		{781730A9-3389-49AB-82AD-2AAA3C9D26A5}.Debug|x86.ActiveCfg = Debug|Any CPU
		{781730A9-3389-49AB-82AD-2AAA3C9D26A5}.Debug|x86.Build.0 = Debug|Any CPU
		{781730A9-3389-49AB-82AD-2AAA3C9D26A5}.Release|Any CPU.ActiveCfg = Release|Any CPU
		{781730A9-3389-49AB-82AD-2AAA3C9D26A5}.Release|Any CPU.Build.0 = Release|Any CPU
		{781730A9-3389-49AB-82AD-2AAA3C9D26A5}.Release|x64.ActiveCfg = Release|Any CPU
		{781730A9-3389-49AB-82AD-2AAA3C9D26A5}.Release|x64.Build.0 = Release|Any CPU
		{781730A9-3389-49AB-82AD-2AAA3C9D26A5}.Release|x86.ActiveCfg = Release|Any CPU
		{781730A9-3389-49AB-82AD-2AAA3C9D26A5}.Release|x86.Build.0 = Release|Any CPU
		{12CDDF81-9100-4DC9-86AE-893A91C905C3}.Debug|Any CPU.ActiveCfg = Debug|Any CPU
		{12CDDF81-9100-4DC9-86AE-893A91C905C3}.Debug|Any CPU.Build.0 = Debug|Any CPU
		{12CDDF81-9100-4DC9-86AE-893A91C905C3}.Debug|x64.ActiveCfg = Debug|Any CPU
		{12CDDF81-9100-4DC9-86AE-893A91C905C3}.Debug|x64.Build.0 = Debug|Any CPU
		{12CDDF81-9100-4DC9-86AE-893A91C905C3}.Debug|x86.ActiveCfg = Debug|Any CPU
		{12CDDF81-9100-4DC9-86AE-893A91C905C3}.Debug|x86.Build.0 = Debug|Any CPU
		{12CDDF81-9100-4DC9-86AE-893A91C905C3}.Release|Any CPU.ActiveCfg = Release|Any CPU
		{12CDDF81-9100-4DC9-86AE-893A91C905C3}.Release|Any CPU.Build.0 = Release|Any CPU
		{12CDDF81-9100-4DC9-86AE-893A91C905C3}.Release|x64.ActiveCfg = Release|Any CPU
		{12CDDF81-9100-4DC9-86AE-893A91C905C3}.Release|x64.Build.0 = Release|Any CPU
		{12CDDF81-9100-4DC9-86AE-893A91C905C3}.Release|x86.ActiveCfg = Release|Any CPU
		{12CDDF81-9100-4DC9-86AE-893A91C905C3}.Release|x86.Build.0 = Release|Any CPU
		{9BC736E7-46E3-46EB-B463-195DE29FD3ED}.Debug|Any CPU.ActiveCfg = Debug|Any CPU
		{9BC736E7-46E3-46EB-B463-195DE29FD3ED}.Debug|Any CPU.Build.0 = Debug|Any CPU
		{9BC736E7-46E3-46EB-B463-195DE29FD3ED}.Debug|x64.ActiveCfg = Debug|Any CPU
		{9BC736E7-46E3-46EB-B463-195DE29FD3ED}.Debug|x64.Build.0 = Debug|Any CPU
		{9BC736E7-46E3-46EB-B463-195DE29FD3ED}.Debug|x86.ActiveCfg = Debug|Any CPU
		{9BC736E7-46E3-46EB-B463-195DE29FD3ED}.Debug|x86.Build.0 = Debug|Any CPU
		{9BC736E7-46E3-46EB-B463-195DE29FD3ED}.Release|Any CPU.ActiveCfg = Release|Any CPU
		{9BC736E7-46E3-46EB-B463-195DE29FD3ED}.Release|Any CPU.Build.0 = Release|Any CPU
		{9BC736E7-46E3-46EB-B463-195DE29FD3ED}.Release|x64.ActiveCfg = Release|Any CPU
		{9BC736E7-46E3-46EB-B463-195DE29FD3ED}.Release|x64.Build.0 = Release|Any CPU
		{9BC736E7-46E3-46EB-B463-195DE29FD3ED}.Release|x86.ActiveCfg = Release|Any CPU
		{9BC736E7-46E3-46EB-B463-195DE29FD3ED}.Release|x86.Build.0 = Release|Any CPU
	EndGlobalSection
	GlobalSection(SolutionProperties) = preSolution
		HideSolutionNode = FALSE
	EndGlobalSection
	GlobalSection(NestedProjects) = preSolution
		{EE6FFEB4-2E34-43E5-9CDA-DEF06866A054} = {827E0CD3-B72D-47B6-A68D-7590B98EB39B}
		{8A13CB0D-7607-4AEC-82B0-C6307F5CA05B} = {0AB3BF05-4346-4AA6-1389-037BE0695223}
		{FD94CA31-7695-4191-A6D7-B5246C8F0E7D} = {827E0CD3-B72D-47B6-A68D-7590B98EB39B}
		{E2F0D639-A8CE-40FD-BD7D-CE34EB06FF1E} = {0AB3BF05-4346-4AA6-1389-037BE0695223}
		{2E60C275-296E-49F6-97E0-4F5959175109} = {827E0CD3-B72D-47B6-A68D-7590B98EB39B}
		{7D57576F-9E23-47A8-978E-57AAF9A4F1A0} = {0AB3BF05-4346-4AA6-1389-037BE0695223}
		{56B46FAD-BC49-42BF-88D4-A33CCF126CFC} = {827E0CD3-B72D-47B6-A68D-7590B98EB39B}
		{781730A9-3389-49AB-82AD-2AAA3C9D26A5} = {0AB3BF05-4346-4AA6-1389-037BE0695223}
		{12CDDF81-9100-4DC9-86AE-893A91C905C3} = {827E0CD3-B72D-47B6-A68D-7590B98EB39B}
		{9BC736E7-46E3-46EB-B463-195DE29FD3ED} = {0C88DD14-F956-CE84-757C-A364CCF449FC}
	EndGlobalSection
EndGlobal
